
Microsoft Visual Studio Solution File, Format Version 12.00
# Visual Studio Version 16
VisualStudioVersion = 16.0.30914.41
MinimumVisualStudioVersion = 10.0.40219.1
Project("{9A19103F-16F7-4668-BE54-9A1E7A4F7556}") = "DotNetProjects.TiaCodegen", "TiaCodegen\DotNetProjects.TiaCodegen.csproj", "{59119CA4-3C9B-4A69-859C-D1EF928C89B4}"
EndProject
Project("{9A19103F-16F7-4668-BE54-9A1E7A4F7556}") = "TiaCodeGen.Tests", "TiaCodeGen.Tests\TiaCodeGen.Tests.csproj", "{F3F8B1A0-92E1-412D-8CC5-5B3ABF322455}"
EndProject
Global
	GlobalSection(SolutionConfigurationPlatforms) = preSolution
		Debug|Any CPU = Debug|Any CPU
		Release|Any CPU = Release|Any CPU
	EndGlobalSection
	GlobalSection(ProjectConfigurationPlatforms) = postSolution
		{59119CA4-3C9B-4A69-859C-D1EF928C89B4}.Debug|Any CPU.ActiveCfg = Debug|Any CPU
		{59119CA4-3C9B-4A69-859C-D1EF928C89B4}.Debug|Any CPU.Build.0 = Debug|Any CPU
		{59119CA4-3C9B-4A69-859C-D1EF928C89B4}.Release|Any CPU.ActiveCfg = Release|Any CPU
		{59119CA4-3C9B-4A69-859C-D1EF928C89B4}.Release|Any CPU.Build.0 = Release|Any CPU
		{F3F8B1A0-92E1-412D-8CC5-5B3ABF322455}.Debug|Any CPU.ActiveCfg = Debug|Any CPU
		{F3F8B1A0-92E1-412D-8CC5-5B3ABF322455}.Debug|Any CPU.Build.0 = Debug|Any CPU
		{F3F8B1A0-92E1-412D-8CC5-5B3ABF322455}.Release|Any CPU.ActiveCfg = Release|Any CPU
		{F3F8B1A0-92E1-412D-8CC5-5B3ABF322455}.Release|Any CPU.Build.0 = Release|Any CPU
	EndGlobalSection
	GlobalSection(SolutionProperties) = preSolution
		HideSolutionNode = FALSE
	EndGlobalSection
	GlobalSection(ExtensibilityGlobals) = postSolution
		SolutionGuid = {A74F0163-ABD6-4BBC-9ABB-70C942F85C7A}
	EndGlobalSection
EndGlobal
